
Microsoft Visual Studio Solution File, Format Version 12.00
Project("{2150E333-8FDC-42A3-9474-1A3956D46DE8}") = "Gateways", "Gateways", "{5E1A8287-A146-4E1C-9122-E2C8F726A759}"
EndProject
Project("{FAE04EC0-301F-11D3-BF4B-00C04F79EFBC}") = "Gateways.API", "Gateways\Gateways.API\Gateways.API.csproj", "{93E37CC1-9EC0-48A8-8783-ABE160C49C59}"
EndProject
Project("{2150E333-8FDC-42A3-9474-1A3956D46DE8}") = "Services", "Services", "{7BB7EBFA-1C4D-461D-A416-045DE68BD591}"
EndProject
Project("{2150E333-8FDC-42A3-9474-1A3956D46DE8}") = "Identity", "Identity", "{81F0CE1D-090B-4763-8D2B-954D884AF7A7}"
EndProject
Project("{FAE04EC0-301F-11D3-BF4B-00C04F79EFBC}") = "Identity.AuthServer", "Services\Identity\Identity.AuthServer\Identity.AuthServer.csproj", "{81FBDAFF-8CC0-4DE6-B494-D83BAE846B82}"
EndProject
Project("{FAE04EC0-301F-11D3-BF4B-00C04F79EFBC}") = "Identity.Common", "Services\Identity\Identity.Common\Identity.Common.csproj", "{0F0DBE7D-FB8C-4D89-832F-F38BF02FBB66}"
EndProject
Global
	GlobalSection(SolutionConfigurationPlatforms) = preSolution
		Debug|Any CPU = Debug|Any CPU
		Release|Any CPU = Release|Any CPU
	EndGlobalSection
	GlobalSection(ProjectConfigurationPlatforms) = postSolution
		{93E37CC1-9EC0-48A8-8783-ABE160C49C59}.Debug|Any CPU.ActiveCfg = Debug|Any CPU
		{93E37CC1-9EC0-48A8-8783-ABE160C49C59}.Debug|Any CPU.Build.0 = Debug|Any CPU
		{93E37CC1-9EC0-48A8-8783-ABE160C49C59}.Release|Any CPU.ActiveCfg = Release|Any CPU
		{93E37CC1-9EC0-48A8-8783-ABE160C49C59}.Release|Any CPU.Build.0 = Release|Any CPU
		{81FBDAFF-8CC0-4DE6-B494-D83BAE846B82}.Debug|Any CPU.ActiveCfg = Debug|Any CPU
		{81FBDAFF-8CC0-4DE6-B494-D83BAE846B82}.Debug|Any CPU.Build.0 = Debug|Any CPU
		{81FBDAFF-8CC0-4DE6-B494-D83BAE846B82}.Release|Any CPU.ActiveCfg = Release|Any CPU
		{81FBDAFF-8CC0-4DE6-B494-D83BAE846B82}.Release|Any CPU.Build.0 = Release|Any CPU
		{0F0DBE7D-FB8C-4D89-832F-F38BF02FBB66}.Debug|Any CPU.ActiveCfg = Debug|Any CPU
		{0F0DBE7D-FB8C-4D89-832F-F38BF02FBB66}.Debug|Any CPU.Build.0 = Debug|Any CPU
		{0F0DBE7D-FB8C-4D89-832F-F38BF02FBB66}.Release|Any CPU.ActiveCfg = Release|Any CPU
		{0F0DBE7D-FB8C-4D89-832F-F38BF02FBB66}.Release|Any CPU.Build.0 = Release|Any CPU
	EndGlobalSection
	GlobalSection(NestedProjects) = preSolution
		{93E37CC1-9EC0-48A8-8783-ABE160C49C59} = {5E1A8287-A146-4E1C-9122-E2C8F726A759}
		{81F0CE1D-090B-4763-8D2B-954D884AF7A7} = {7BB7EBFA-1C4D-461D-A416-045DE68BD591}
		{81FBDAFF-8CC0-4DE6-B494-D83BAE846B82} = {81F0CE1D-090B-4763-8D2B-954D884AF7A7}
		{0F0DBE7D-FB8C-4D89-832F-F38BF02FBB66} = {81F0CE1D-090B-4763-8D2B-954D884AF7A7}
	EndGlobalSection
EndGlobal
